
Microsoft Visual Studio Solution File, Format Version 12.00
# Visual Studio Version 16
VisualStudioVersion = 16.0.31112.23
MinimumVisualStudioVersion = 10.0.40219.1
Project("{FAE04EC0-301F-11D3-BF4B-00C04F79EFBC}") = "scratch", "scratch\scratch.csproj", "{4BBC1C16-39C2-4D60-B9BF-D6290D755B59}"
EndProject
Global
	GlobalSection(SolutionConfigurationPlatforms) = preSolution
		Debug|Any CPU = Debug|Any CPU
		Release|Any CPU = Release|Any CPU
	EndGlobalSection
	GlobalSection(ProjectConfigurationPlatforms) = postSolution
		{4BBC1C16-39C2-4D60-B9BF-D6290D755B59}.Debug|Any CPU.ActiveCfg = Debug|Any CPU
		{4BBC1C16-39C2-4D60-B9BF-D6290D755B59}.Debug|Any CPU.Build.0 = Debug|Any CPU
		{4BBC1C16-39C2-4D60-B9BF-D6290D755B59}.Release|Any CPU.ActiveCfg = Release|Any CPU
		{4BBC1C16-39C2-4D60-B9BF-D6290D755B59}.Release|Any CPU.Build.0 = Release|Any CPU
	EndGlobalSection
	GlobalSection(SolutionProperties) = preSolution
		HideSolutionNode = FALSE
	EndGlobalSection
	GlobalSection(ExtensibilityGlobals) = postSolution
		SolutionGuid = {EDF1B3A3-E0E8-44A9-9BB6-7FB43FB67F2A}
	EndGlobalSection
EndGlobal
